
Microsoft Visual Studio Solution File, Format Version 12.00
# Visual Studio Version 16
VisualStudioVersion = 16.0.31313.79
MinimumVisualStudioVersion = 10.0.40219.1
Project("{9A19103F-16F7-4668-BE54-9A1E7A4F7556}") = "ActionIcon", "ActionIcon\ActionIcon.csproj", "{D20F29BC-6B74-4169-97CE-879DBC3EFEF6}"
EndProject
Project("{9A19103F-16F7-4668-BE54-9A1E7A4F7556}") = "Test", "Test\Test.csproj", "{DFD0C042-7881-499A-8614-4984BD046EC6}"
EndProject
Global
	GlobalSection(SolutionConfigurationPlatforms) = preSolution
		Debug|Any CPU = Debug|Any CPU
		Release|Any CPU = Release|Any CPU
	EndGlobalSection
	GlobalSection(ProjectConfigurationPlatforms) = postSolution
		{D20F29BC-6B74-4169-97CE-879DBC3EFEF6}.Debug|Any CPU.ActiveCfg = Debug|Any CPU
		{D20F29BC-6B74-4169-97CE-879DBC3EFEF6}.Debug|Any CPU.Build.0 = Debug|Any CPU
		{D20F29BC-6B74-4169-97CE-879DBC3EFEF6}.Release|Any CPU.ActiveCfg = Release|Any CPU
		{D20F29BC-6B74-4169-97CE-879DBC3EFEF6}.Release|Any CPU.Build.0 = Release|Any CPU
		{DFD0C042-7881-499A-8614-4984BD046EC6}.Debug|Any CPU.ActiveCfg = Debug|Any CPU
		{DFD0C042-7881-499A-8614-4984BD046EC6}.Debug|Any CPU.Build.0 = Debug|Any CPU
		{DFD0C042-7881-499A-8614-4984BD046EC6}.Release|Any CPU.ActiveCfg = Release|Any CPU
		{DFD0C042-7881-499A-8614-4984BD046EC6}.Release|Any CPU.Build.0 = Release|Any CPU
	EndGlobalSection
	GlobalSection(SolutionProperties) = preSolution
		HideSolutionNode = FALSE
	EndGlobalSection
	GlobalSection(ExtensibilityGlobals) = postSolution
		SolutionGuid = {8F1C8D3A-B24B-44DB-8542-4F20B57C7689}
	EndGlobalSection
EndGlobal
